
Microsoft Visual Studio Solution File, Format Version 12.00
Project("{FAE04EC0-301F-11D3-BF4B-00C04F79EFBC}") = "TextPrivacy.SensitiveString.FluentValidation", "src\TextPrivacy.SensitiveString.FluentValidation\TextPrivacy.SensitiveString.FluentValidation.csproj", "{02D2F62A-E2BE-4919-948D-D7A1AC0C613A}"
EndProject
Project("{FAE04EC0-301F-11D3-BF4B-00C04F79EFBC}") = "TextPrivacy.SensitiveString.FluentValidation.Examples", "src\TextPrivacy.SensitiveString.FluentValidation.Examples\TextPrivacy.SensitiveString.FluentValidation.Examples.csproj", "{EA0D3B86-870C-4C7C-A013-B6C31974F437}"
EndProject
Global
	GlobalSection(SolutionConfigurationPlatforms) = preSolution
		Debug|Any CPU = Debug|Any CPU
		Release|Any CPU = Release|Any CPU
	EndGlobalSection
	GlobalSection(ProjectConfigurationPlatforms) = postSolution
		{02D2F62A-E2BE-4919-948D-D7A1AC0C613A}.Debug|Any CPU.ActiveCfg = Debug|Any CPU
		{02D2F62A-E2BE-4919-948D-D7A1AC0C613A}.Debug|Any CPU.Build.0 = Debug|Any CPU
		{02D2F62A-E2BE-4919-948D-D7A1AC0C613A}.Release|Any CPU.ActiveCfg = Release|Any CPU
		{02D2F62A-E2BE-4919-948D-D7A1AC0C613A}.Release|Any CPU.Build.0 = Release|Any CPU
		{EA0D3B86-870C-4C7C-A013-B6C31974F437}.Debug|Any CPU.ActiveCfg = Debug|Any CPU
		{EA0D3B86-870C-4C7C-A013-B6C31974F437}.Debug|Any CPU.Build.0 = Debug|Any CPU
		{EA0D3B86-870C-4C7C-A013-B6C31974F437}.Release|Any CPU.ActiveCfg = Release|Any CPU
		{EA0D3B86-870C-4C7C-A013-B6C31974F437}.Release|Any CPU.Build.0 = Release|Any CPU
	EndGlobalSection
EndGlobal
